
Microsoft Visual Studio Solution File, Format Version 12.00
# Visual Studio Version 16
VisualStudioVersion = 16.0.31410.357
MinimumVisualStudioVersion = 10.0.40219.1
Project("{FAE04EC0-301F-11D3-BF4B-00C04F79EFBC}") = "PornHub", "PornHub\PornHub.csproj", "{579B7D26-0A17-4FE0-923F-D89A51EC22E2}"
EndProject
Global
	GlobalSection(SolutionConfigurationPlatforms) = preSolution
		Debug|Any CPU = Debug|Any CPU
		Debug|x64 = Debug|x64
		Release|Any CPU = Release|Any CPU
		Release|x64 = Release|x64
	EndGlobalSection
	GlobalSection(ProjectConfigurationPlatforms) = postSolution
		{579B7D26-0A17-4FE0-923F-D89A51EC22E2}.Debug|Any CPU.ActiveCfg = Debug|Any CPU
		{579B7D26-0A17-4FE0-923F-D89A51EC22E2}.Debug|Any CPU.Build.0 = Debug|Any CPU
		{579B7D26-0A17-4FE0-923F-D89A51EC22E2}.Debug|x64.ActiveCfg = Debug|x64
		{579B7D26-0A17-4FE0-923F-D89A51EC22E2}.Debug|x64.Build.0 = Debug|x64
		{579B7D26-0A17-4FE0-923F-D89A51EC22E2}.Release|Any CPU.ActiveCfg = Release|Any CPU
		{579B7D26-0A17-4FE0-923F-D89A51EC22E2}.Release|Any CPU.Build.0 = Release|Any CPU
		{579B7D26-0A17-4FE0-923F-D89A51EC22E2}.Release|x64.ActiveCfg = Release|x64
		{579B7D26-0A17-4FE0-923F-D89A51EC22E2}.Release|x64.Build.0 = Release|x64
	EndGlobalSection
	GlobalSection(SolutionProperties) = preSolution
		HideSolutionNode = FALSE
	EndGlobalSection
	GlobalSection(ExtensibilityGlobals) = postSolution
		SolutionGuid = {75A36552-BA00-471C-B14C-68874516ECD8}
	EndGlobalSection
EndGlobal
